{
  "name": "chaos-monkey",
  "version": "0.1.0",
  "lockfileVersion": 1,
  "requires": true,
  "dependencies": {
    "ee-first": {
      "version": "1.1.1",
      "resolved": "https://registry.npmjs.org/ee-first/-/ee-first-1.1.1.tgz",
      "integrity": "sha1-WQxhFWsK4vTwJVcyoViyZrxWsh0="
    },
    "express-remove-route": {
      "version": "1.0.0",
      "resolved": "https://registry.npmjs.org/express-remove-route/-/express-remove-route-1.0.0.tgz",
      "integrity": "sha1-HnYRseCiPw1aPCLaK9Sy6rwjC1Q="
    },
    "on-finished": {
      "version": "2.3.0",
      "resolved": "https://registry.npmjs.org/on-finished/-/on-finished-2.3.0.tgz",
      "integrity": "sha1-IPEzZIGwg811M3mSoWlxqi2QaUc=",
      "requires": {
        "ee-first": "1.1.1"
      }
    }
  }
}
